// !$*UTF8*$!
{
	archiveVersion = 1;
	classes = {
	};
	objectVersion = 50;
	objects = {

/* Begin PBXBuildFile section */
		BE0229A02839AB5D006D8745 /* AccountSummaryViewController.swift in Sources */ = {isa = PBXBuildFile; fileRef = BE02299F2839AB5D006D8745 /* AccountSummaryViewController.swift */; };
		BE0229A2283A7A36006D8745 /* AccountSummaryHeaderView.swift in Sources */ = {isa = PBXBuildFile; fileRef = BE0229A1283A7A36006D8745 /* AccountSummaryHeaderView.swift */; };
		BE0E42F5282302F2000F0666 /* AppDelegate.swift in Sources */ = {isa = PBXBuildFile; fileRef = BE0E42F4282302F2000F0666 /* AppDelegate.swift */; };
		BE0E42F9282302F2000F0666 /* LoginViewController.swift in Sources */ = {isa = PBXBuildFile; fileRef = BE0E42F8282302F2000F0666 /* LoginViewController.swift */; };
		BE0E42FE282302F5000F0666 /* Assets.xcassets in Resources */ = {isa = PBXBuildFile; fileRef = BE0E42FD282302F5000F0666 /* Assets.xcassets */; };
		BE0E4301282302F5000F0666 /* LaunchScreen.storyboard in Resources */ = {isa = PBXBuildFile; fileRef = BE0E42FF282302F5000F0666 /* LaunchScreen.storyboard */; };
		BE0E431D28230BC3000F0666 /* LoginView.swift in Sources */ = {isa = PBXBuildFile; fileRef = BE0E431C28230BC3000F0666 /* LoginView.swift */; };
		BE157E9928270AC800D5173B /* OnboardingVC.swift in Sources */ = {isa = PBXBuildFile; fileRef = BE157E9828270AC800D5173B /* OnboardingVC.swift */; };
		BE1F63D9282DA7D400C0243D /* UIViewController+Extension.swift in Sources */ = {isa = PBXBuildFile; fileRef = BE1F63D8282DA7D400C0243D /* UIViewController+Extension.swift */; };
		BE1F63DB282DAEC500C0243D /* MainViewController.swift in Sources */ = {isa = PBXBuildFile; fileRef = BE1F63DA282DAEC500C0243D /* MainViewController.swift */; };
		BE34743D283ABCBD00A4A4C2 /* ContentView.swift in Sources */ = {isa = PBXBuildFile; fileRef = BE34743C283ABCBD00A4A4C2 /* ContentView.swift */; };
		BE34743F283ABFC800A4A4C2 /* HeaderLabel.swift in Sources */ = {isa = PBXBuildFile; fileRef = BE34743E283ABFC800A4A4C2 /* HeaderLabel.swift */; };
		BE3474432842BB1700A4A4C2 /* AccountSummaryCell.swift in Sources */ = {isa = PBXBuildFile; fileRef = BE3474422842BB1700A4A4C2 /* AccountSummaryCell.swift */; };
		BE347445284379A300A4A4C2 /* Decimal+Extension.swift in Sources */ = {isa = PBXBuildFile; fileRef = BE347444284379A300A4A4C2 /* Decimal+Extension.swift */; };
		BE34744728437AD600A4A4C2 /* CurrencyFormatter.swift in Sources */ = {isa = PBXBuildFile; fileRef = BE34744628437AD600A4A4C2 /* CurrencyFormatter.swift */; };
		BE34745628438DA500A4A4C2 /* CurrencyFormatterTests.swift in Sources */ = {isa = PBXBuildFile; fileRef = BE34745528438DA500A4A4C2 /* CurrencyFormatterTests.swift */; };
		BE7519782826990900425A37 /* OnboardingContainerVC.swift in Sources */ = {isa = PBXBuildFile; fileRef = BE7519772826990900425A37 /* OnboardingContainerVC.swift */; };
		BE9334A82829C0A6001B2BF5 /* DummyViewController.swift in Sources */ = {isa = PBXBuildFile; fileRef = BE9334A72829C0A6001B2BF5 /* DummyViewController.swift */; };
		BE9334AB2829D07E001B2BF5 /* LocalState.swift in Sources */ = {isa = PBXBuildFile; fileRef = BE9334AA2829D07E001B2BF5 /* LocalState.swift */; };
/* End PBXBuildFile section */

/* Begin PBXContainerItemProxy section */
		BE34745028438C9000A4A4C2 /* PBXContainerItemProxy */ = {
			isa = PBXContainerItemProxy;
			containerPortal = BE0E42E9282302F2000F0666 /* Project object */;
			proxyType = 1;
			remoteGlobalIDString = BE0E42F0282302F2000F0666;
			remoteInfo = Bankey;
		};
/* End PBXContainerItemProxy section */

/* Begin PBXFileReference section */
		BE02299F2839AB5D006D8745 /* AccountSummaryViewController.swift */ = {isa = PBXFileReference; lastKnownFileType = sourcecode.swift; path = AccountSummaryViewController.swift; sourceTree = "<group>"; };
		BE0229A1283A7A36006D8745 /* AccountSummaryHeaderView.swift */ = {isa = PBXFileReference; lastKnownFileType = sourcecode.swift; path = AccountSummaryHeaderView.swift; sourceTree = "<group>"; };
		BE0E42F1282302F2000F0666 /* Bankey.app */ = {isa = PBXFileReference; explicitFileType = wrapper.application; includeInIndex = 0; path = Bankey.app; sourceTree = BUILT_PRODUCTS_DIR; };
		BE0E42F4282302F2000F0666 /* AppDelegate.swift */ = {isa = PBXFileReference; lastKnownFileType = sourcecode.swift; path = AppDelegate.swift; sourceTree = "<group>"; };
		BE0E42F8282302F2000F0666 /* LoginViewController.swift */ = {isa = PBXFileReference; lastKnownFileType = sourcecode.swift; path = LoginViewController.swift; sourceTree = "<group>"; };
		BE0E42FD282302F5000F0666 /* Assets.xcassets */ = {isa = PBXFileReference; lastKnownFileType = folder.assetcatalog; path = Assets.xcassets; sourceTree = "<group>"; };
		BE0E4300282302F5000F0666 /* Base */ = {isa = PBXFileReference; lastKnownFileType = file.storyboard; name = Base; path = Base.lproj/LaunchScreen.storyboard; sourceTree = "<group>"; };
		BE0E4302282302F5000F0666 /* Info.plist */ = {isa = PBXFileReference; lastKnownFileType = text.plist.xml; path = Info.plist; sourceTree = "<group>"; };
		BE0E431C28230BC3000F0666 /* LoginView.swift */ = {isa = PBXFileReference; lastKnownFileType = sourcecode.swift; path = LoginView.swift; sourceTree = "<group>"; };
		BE157E9828270AC800D5173B /* OnboardingVC.swift */ = {isa = PBXFileReference; lastKnownFileType = sourcecode.swift; path = OnboardingVC.swift; sourceTree = "<group>"; };
		BE1F63D8282DA7D400C0243D /* UIViewController+Extension.swift */ = {isa = PBXFileReference; lastKnownFileType = sourcecode.swift; path = "UIViewController+Extension.swift"; sourceTree = "<group>"; };
		BE1F63DA282DAEC500C0243D /* MainViewController.swift */ = {isa = PBXFileReference; lastKnownFileType = sourcecode.swift; path = MainViewController.swift; sourceTree = "<group>"; };
		BE34743C283ABCBD00A4A4C2 /* ContentView.swift */ = {isa = PBXFileReference; lastKnownFileType = sourcecode.swift; path = ContentView.swift; sourceTree = "<group>"; };
		BE34743E283ABFC800A4A4C2 /* HeaderLabel.swift */ = {isa = PBXFileReference; lastKnownFileType = sourcecode.swift; path = HeaderLabel.swift; sourceTree = "<group>"; };
		BE3474422842BB1700A4A4C2 /* AccountSummaryCell.swift */ = {isa = PBXFileReference; lastKnownFileType = sourcecode.swift; path = AccountSummaryCell.swift; sourceTree = "<group>"; };
		BE347444284379A300A4A4C2 /* Decimal+Extension.swift */ = {isa = PBXFileReference; lastKnownFileType = sourcecode.swift; path = "Decimal+Extension.swift"; sourceTree = "<group>"; };
		BE34744628437AD600A4A4C2 /* CurrencyFormatter.swift */ = {isa = PBXFileReference; lastKnownFileType = sourcecode.swift; path = CurrencyFormatter.swift; sourceTree = "<group>"; };
		BE34744C28438C9000A4A4C2 /* BankeyUnitTests.xctest */ = {isa = PBXFileReference; explicitFileType = wrapper.cfbundle; includeInIndex = 0; path = BankeyUnitTests.xctest; sourceTree = BUILT_PRODUCTS_DIR; };
		BE34745528438DA500A4A4C2 /* CurrencyFormatterTests.swift */ = {isa = PBXFileReference; lastKnownFileType = sourcecode.swift; path = CurrencyFormatterTests.swift; sourceTree = "<group>"; };
		BE7519772826990900425A37 /* OnboardingContainerVC.swift */ = {isa = PBXFileReference; lastKnownFileType = sourcecode.swift; path = OnboardingContainerVC.swift; sourceTree = "<group>"; };
		BE9334A72829C0A6001B2BF5 /* DummyViewController.swift */ = {isa = PBXFileReference; lastKnownFileType = sourcecode.swift; path = DummyViewController.swift; sourceTree = "<group>"; };
		BE9334AA2829D07E001B2BF5 /* LocalState.swift */ = {isa = PBXFileReference; lastKnownFileType = sourcecode.swift; path = LocalState.swift; sourceTree = "<group>"; };
/* End PBXFileReference section */

/* Begin PBXFrameworksBuildPhase section */
		BE0E42EE282302F2000F0666 /* Frameworks */ = {
			isa = PBXFrameworksBuildPhase;
			buildActionMask = 2147483647;
			files = (
			);
			runOnlyForDeploymentPostprocessing = 0;
		};
		BE34744928438C9000A4A4C2 /* Frameworks */ = {
			isa = PBXFrameworksBuildPhase;
			buildActionMask = 2147483647;
			files = (
			);
			runOnlyForDeploymentPostprocessing = 0;
		};
/* End PBXFrameworksBuildPhase section */

/* Begin PBXGroup section */
		BE02299E2839AB2E006D8745 /* AccountSummary */ = {
			isa = PBXGroup;
			children = (
				BE02299F2839AB5D006D8745 /* AccountSummaryViewController.swift */,
				BE3474402842BA9E00A4A4C2 /* Header */,
				BE3474412842BADD00A4A4C2 /* Cells */,
			);
			path = AccountSummary;
			sourceTree = "<group>";
		};
		BE0E42E8282302F2000F0666 = {
			isa = PBXGroup;
			children = (
				BE0E42F3282302F2000F0666 /* Bankey */,
				BE34744D28438C9000A4A4C2 /* BankeyUnitTests */,
				BE0E42F2282302F2000F0666 /* Products */,
			);
			sourceTree = "<group>";
		};
		BE0E42F2282302F2000F0666 /* Products */ = {
			isa = PBXGroup;
			children = (
				BE0E42F1282302F2000F0666 /* Bankey.app */,
				BE34744C28438C9000A4A4C2 /* BankeyUnitTests.xctest */,
			);
			name = Products;
			sourceTree = "<group>";
		};
		BE0E42F3282302F2000F0666 /* Bankey */ = {
			isa = PBXGroup;
			children = (
				BE1F63DA282DAEC500C0243D /* MainViewController.swift */,
				BE157E972827054200D5173B /* Log */,
				BE157E962827050700D5173B /* Onboard */,
				BE02299E2839AB2E006D8745 /* AccountSummary */,
				BE9334A92829D04C001B2BF5 /* Utils */,
				BE0E430E282307C1000F0666 /* AppSupport */,
			);
			path = Bankey;
			sourceTree = "<group>";
		};
		BE0E430E282307C1000F0666 /* AppSupport */ = {
			isa = PBXGroup;
			children = (
				BE0E42F4282302F2000F0666 /* AppDelegate.swift */,
				BE0E42FD282302F5000F0666 /* Assets.xcassets */,
				BE0E42FF282302F5000F0666 /* LaunchScreen.storyboard */,
				BE0E4302282302F5000F0666 /* Info.plist */,
			);
			name = AppSupport;
			sourceTree = "<group>";
		};
		BE157E962827050700D5173B /* Onboard */ = {
			isa = PBXGroup;
			children = (
				BE7519772826990900425A37 /* OnboardingContainerVC.swift */,
				BE157E9828270AC800D5173B /* OnboardingVC.swift */,
			);
			path = Onboard;
			sourceTree = "<group>";
		};
		BE157E972827054200D5173B /* Log */ = {
			isa = PBXGroup;
			children = (
				BE0E42F8282302F2000F0666 /* LoginViewController.swift */,
				BE0E431C28230BC3000F0666 /* LoginView.swift */,
				BE9334A72829C0A6001B2BF5 /* DummyViewController.swift */,
			);
			path = Log;
			sourceTree = "<group>";
		};
		BE3474402842BA9E00A4A4C2 /* Header */ = {
			isa = PBXGroup;
			children = (
				BE0229A1283A7A36006D8745 /* AccountSummaryHeaderView.swift */,
				BE34743C283ABCBD00A4A4C2 /* ContentView.swift */,
				BE34743E283ABFC800A4A4C2 /* HeaderLabel.swift */,
			);
			path = Header;
			sourceTree = "<group>";
		};
		BE3474412842BADD00A4A4C2 /* Cells */ = {
			isa = PBXGroup;
			children = (
				BE3474422842BB1700A4A4C2 /* AccountSummaryCell.swift */,
			);
			path = Cells;
			sourceTree = "<group>";
		};
		BE34744D28438C9000A4A4C2 /* BankeyUnitTests */ = {
			isa = PBXGroup;
			children = (
				BE34745528438DA500A4A4C2 /* CurrencyFormatterTests.swift */,
			);
			path = BankeyUnitTests;
			sourceTree = "<group>";
		};
		BE9334A92829D04C001B2BF5 /* Utils */ = {
			isa = PBXGroup;
			children = (
				BE9334AA2829D07E001B2BF5 /* LocalState.swift */,
				BE1F63D8282DA7D400C0243D /* UIViewController+Extension.swift */,
				BE347444284379A300A4A4C2 /* Decimal+Extension.swift */,
				BE34744628437AD600A4A4C2 /* CurrencyFormatter.swift */,
			);
			path = Utils;
			sourceTree = "<group>";
		};
/* End PBXGroup section */

/* Begin PBXNativeTarget section */
		BE0E42F0282302F2000F0666 /* Bankey */ = {
			isa = PBXNativeTarget;
			buildConfigurationList = BE0E4305282302F5000F0666 /* Build configuration list for PBXNativeTarget "Bankey" */;
			buildPhases = (
				BE0E42ED282302F2000F0666 /* Sources */,
				BE0E42EE282302F2000F0666 /* Frameworks */,
				BE0E42EF282302F2000F0666 /* Resources */,
			);
			buildRules = (
			);
			dependencies = (
			);
			name = Bankey;
			productName = Bankey;
			productReference = BE0E42F1282302F2000F0666 /* Bankey.app */;
			productType = "com.apple.product-type.application";
		};
		BE34744B28438C9000A4A4C2 /* BankeyUnitTests */ = {
			isa = PBXNativeTarget;
			buildConfigurationList = BE34745228438C9000A4A4C2 /* Build configuration list for PBXNativeTarget "BankeyUnitTests" */;
			buildPhases = (
				BE34744828438C9000A4A4C2 /* Sources */,
				BE34744928438C9000A4A4C2 /* Frameworks */,
				BE34744A28438C9000A4A4C2 /* Resources */,
			);
			buildRules = (
			);
			dependencies = (
				BE34745128438C9000A4A4C2 /* PBXTargetDependency */,
			);
			name = BankeyUnitTests;
			productName = BankeyUnitTests;
			productReference = BE34744C28438C9000A4A4C2 /* BankeyUnitTests.xctest */;
			productType = "com.apple.product-type.bundle.unit-test";
		};
/* End PBXNativeTarget section */

/* Begin PBXProject section */
		BE0E42E9282302F2000F0666 /* Project object */ = {
			isa = PBXProject;
			attributes = {
				LastSwiftUpdateCheck = 1330;
				LastUpgradeCheck = 1240;
				TargetAttributes = {
					BE0E42F0282302F2000F0666 = {
						CreatedOnToolsVersion = 12.4;
					};
					BE34744B28438C9000A4A4C2 = {
						CreatedOnToolsVersion = 13.3.1;
						LastSwiftMigration = 1330;
						TestTargetID = BE0E42F0282302F2000F0666;
					};
				};
			};
			buildConfigurationList = BE0E42EC282302F2000F0666 /* Build configuration list for PBXProject "Bankey" */;
			compatibilityVersion = "Xcode 9.3";
			developmentRegion = en;
			hasScannedForEncodings = 0;
			knownRegions = (
				en,
				Base,
			);
			mainGroup = BE0E42E8282302F2000F0666;
			productRefGroup = BE0E42F2282302F2000F0666 /* Products */;
			projectDirPath = "";
			projectRoot = "";
			targets = (
				BE0E42F0282302F2000F0666 /* Bankey */,
				BE34744B28438C9000A4A4C2 /* BankeyUnitTests */,
			);
		};
/* End PBXProject section */

/* Begin PBXResourcesBuildPhase section */
		BE0E42EF282302F2000F0666 /* Resources */ = {
			isa = PBXResourcesBuildPhase;
			buildActionMask = 2147483647;
			files = (
				BE0E4301282302F5000F0666 /* LaunchScreen.storyboard in Resources */,
				BE0E42FE282302F5000F0666 /* Assets.xcassets in Resources */,
			);
			runOnlyForDeploymentPostprocessing = 0;
		};
		BE34744A28438C9000A4A4C2 /* Resources */ = {
			isa = PBXResourcesBuildPhase;
			buildActionMask = 2147483647;
			files = (
			);
			runOnlyForDeploymentPostprocessing = 0;
		};
/* End PBXResourcesBuildPhase section */

/* Begin PBXSourcesBuildPhase section */
		BE0E42ED282302F2000F0666 /* Sources */ = {
			isa = PBXSourcesBuildPhase;
			buildActionMask = 2147483647;
			files = (
				BE347445284379A300A4A4C2 /* Decimal+Extension.swift in Sources */,
				BE34744728437AD600A4A4C2 /* CurrencyFormatter.swift in Sources */,
				BE3474432842BB1700A4A4C2 /* AccountSummaryCell.swift in Sources */,
				BE1F63D9282DA7D400C0243D /* UIViewController+Extension.swift in Sources */,
				BE34743F283ABFC800A4A4C2 /* HeaderLabel.swift in Sources */,
				BE0E431D28230BC3000F0666 /* LoginView.swift in Sources */,
				BE34743D283ABCBD00A4A4C2 /* ContentView.swift in Sources */,
				BE9334AB2829D07E001B2BF5 /* LocalState.swift in Sources */,
				BE0229A2283A7A36006D8745 /* AccountSummaryHeaderView.swift in Sources */,
				BE9334A82829C0A6001B2BF5 /* DummyViewController.swift in Sources */,
				BE7519782826990900425A37 /* OnboardingContainerVC.swift in Sources */,
				BE157E9928270AC800D5173B /* OnboardingVC.swift in Sources */,
				BE1F63DB282DAEC500C0243D /* MainViewController.swift in Sources */,
				BE0229A02839AB5D006D8745 /* AccountSummaryViewController.swift in Sources */,
				BE0E42F9282302F2000F0666 /* LoginViewController.swift in Sources */,
				BE0E42F5282302F2000F0666 /* AppDelegate.swift in Sources */,
			);
			runOnlyForDeploymentPostprocessing = 0;
		};
		BE34744828438C9000A4A4C2 /* Sources */ = {
			isa = PBXSourcesBuildPhase;
			buildActionMask = 2147483647;
			files = (
				BE34745628438DA500A4A4C2 /* CurrencyFormatterTests.swift in Sources */,
			);
			runOnlyForDeploymentPostprocessing = 0;
		};
/* End PBXSourcesBuildPhase section */

/* Begin PBXTargetDependency section */
		BE34745128438C9000A4A4C2 /* PBXTargetDependency */ = {
			isa = PBXTargetDependency;
			target = BE0E42F0282302F2000F0666 /* Bankey */;
			targetProxy = BE34745028438C9000A4A4C2 /* PBXContainerItemProxy */;
		};
/* End PBXTargetDependency section */

/* Begin PBXVariantGroup section */
		BE0E42FF282302F5000F0666 /* LaunchScreen.storyboard */ = {
			isa = PBXVariantGroup;
			children = (
				BE0E4300282302F5000F0666 /* Base */,
			);
			name = LaunchScreen.storyboard;
			sourceTree = "<group>";
		};
/* End PBXVariantGroup section */

/* Begin XCBuildConfiguration section */
		BE0E4303282302F5000F0666 /* Debug */ = {
			isa = XCBuildConfiguration;
			buildSettings = {
				ALWAYS_SEARCH_USER_PATHS = NO;
				CLANG_ANALYZER_NONNULL = YES;
				CLANG_ANALYZER_NUMBER_OBJECT_CONVERSION = YES_AGGRESSIVE;
				CLANG_CXX_LANGUAGE_STANDARD = "gnu++14";
				CLANG_CXX_LIBRARY = "libc++";
				CLANG_ENABLE_MODULES = YES;
				CLANG_ENABLE_OBJC_ARC = YES;
				CLANG_ENABLE_OBJC_WEAK = YES;
				CLANG_WARN_BLOCK_CAPTURE_AUTORELEASING = YES;
				CLANG_WARN_BOOL_CONVERSION = YES;
				CLANG_WARN_COMMA = YES;
				CLANG_WARN_CONSTANT_CONVERSION = YES;
				CLANG_WARN_DEPRECATED_OBJC_IMPLEMENTATIONS = YES;
				CLANG_WARN_DIRECT_OBJC_ISA_USAGE = YES_ERROR;
				CLANG_WARN_DOCUMENTATION_COMMENTS = YES;
				CLANG_WARN_EMPTY_BODY = YES;
				CLANG_WARN_ENUM_CONVERSION = YES;
				CLANG_WARN_INFINITE_RECURSION = YES;
				CLANG_WARN_INT_CONVERSION = YES;
				CLANG_WARN_NON_LITERAL_NULL_CONVERSION = YES;
				CLANG_WARN_OBJC_IMPLICIT_RETAIN_SELF = YES;
				CLANG_WARN_OBJC_LITERAL_CONVERSION = YES;
				CLANG_WARN_OBJC_ROOT_CLASS = YES_ERROR;
				CLANG_WARN_QUOTED_INCLUDE_IN_FRAMEWORK_HEADER = YES;
				CLANG_WARN_RANGE_LOOP_ANALYSIS = YES;
				CLANG_WARN_STRICT_PROTOTYPES = YES;
				CLANG_WARN_SUSPICIOUS_MOVE = YES;
				CLANG_WARN_UNGUARDED_AVAILABILITY = YES_AGGRESSIVE;
				CLANG_WARN_UNREACHABLE_CODE = YES;
				CLANG_WARN__DUPLICATE_METHOD_MATCH = YES;
				COPY_PHASE_STRIP = NO;
				DEBUG_INFORMATION_FORMAT = dwarf;
				ENABLE_STRICT_OBJC_MSGSEND = YES;
				ENABLE_TESTABILITY = YES;
				GCC_C_LANGUAGE_STANDARD = gnu11;
				GCC_DYNAMIC_NO_PIC = NO;
				GCC_NO_COMMON_BLOCKS = YES;
				GCC_OPTIMIZATION_LEVEL = 0;
				GCC_PREPROCESSOR_DEFINITIONS = (
					"DEBUG=1",
					"$(inherited)",
				);
				GCC_WARN_64_TO_32_BIT_CONVERSION = YES;
				GCC_WARN_ABOUT_RETURN_TYPE = YES_ERROR;
				GCC_WARN_UNDECLARED_SELECTOR = YES;
				GCC_WARN_UNINITIALIZED_AUTOS = YES_AGGRESSIVE;
				GCC_WARN_UNUSED_FUNCTION = YES;
				GCC_WARN_UNUSED_VARIABLE = YES;
				IPHONEOS_DEPLOYMENT_TARGET = 15.0;
				MTL_ENABLE_DEBUG_INFO = INCLUDE_SOURCE;
				MTL_FAST_MATH = YES;
				ONLY_ACTIVE_ARCH = YES;
				SDKROOT = iphoneos;
				SWIFT_ACTIVE_COMPILATION_CONDITIONS = DEBUG;
				SWIFT_OPTIMIZATION_LEVEL = "-Onone";
			};
			name = Debug;
		};
		BE0E4304282302F5000F0666 /* Release */ = {
			isa = XCBuildConfiguration;
			buildSettings = {
				ALWAYS_SEARCH_USER_PATHS = NO;
				CLANG_ANALYZER_NONNULL = YES;
				CLANG_ANALYZER_NUMBER_OBJECT_CONVERSION = YES_AGGRESSIVE;
				CLANG_CXX_LANGUAGE_STANDARD = "gnu++14";
				CLANG_CXX_LIBRARY = "libc++";
				CLANG_ENABLE_MODULES = YES;
				CLANG_ENABLE_OBJC_ARC = YES;
				CLANG_ENABLE_OBJC_WEAK = YES;
				CLANG_WARN_BLOCK_CAPTURE_AUTORELEASING = YES;
				CLANG_WARN_BOOL_CONVERSION = YES;
				CLANG_WARN_COMMA = YES;
				CLANG_WARN_CONSTANT_CONVERSION = YES;
				CLANG_WARN_DEPRECATED_OBJC_IMPLEMENTATIONS = YES;
				CLANG_WARN_DIRECT_OBJC_ISA_USAGE = YES_ERROR;
				CLANG_WARN_DOCUMENTATION_COMMENTS = YES;
				CLANG_WARN_EMPTY_BODY = YES;
				CLANG_WARN_ENUM_CONVERSION = YES;
				CLANG_WARN_INFINITE_RECURSION = YES;
				CLANG_WARN_INT_CONVERSION = YES;
				CLANG_WARN_NON_LITERAL_NULL_CONVERSION = YES;
				CLANG_WARN_OBJC_IMPLICIT_RETAIN_SELF = YES;
				CLANG_WARN_OBJC_LITERAL_CONVERSION = YES;
				CLANG_WARN_OBJC_ROOT_CLASS = YES_ERROR;
				CLANG_WARN_QUOTED_INCLUDE_IN_FRAMEWORK_HEADER = YES;
				CLANG_WARN_RANGE_LOOP_ANALYSIS = YES;
				CLANG_WARN_STRICT_PROTOTYPES = YES;
				CLANG_WARN_SUSPICIOUS_MOVE = YES;
				CLANG_WARN_UNGUARDED_AVAILABILITY = YES_AGGRESSIVE;
				CLANG_WARN_UNREACHABLE_CODE = YES;
				CLANG_WARN__DUPLICATE_METHOD_MATCH = YES;
				COPY_PHASE_STRIP = NO;
				DEBUG_INFORMATION_FORMAT = "dwarf-with-dsym";
				ENABLE_NS_ASSERTIONS = NO;
				ENABLE_STRICT_OBJC_MSGSEND = YES;
				GCC_C_LANGUAGE_STANDARD = gnu11;
				GCC_NO_COMMON_BLOCKS = YES;
				GCC_WARN_64_TO_32_BIT_CONVERSION = YES;
				GCC_WARN_ABOUT_RETURN_TYPE = YES_ERROR;
				GCC_WARN_UNDECLARED_SELECTOR = YES;
				GCC_WARN_UNINITIALIZED_AUTOS = YES_AGGRESSIVE;
				GCC_WARN_UNUSED_FUNCTION = YES;
				GCC_WARN_UNUSED_VARIABLE = YES;
				IPHONEOS_DEPLOYMENT_TARGET = 15.0;
				MTL_ENABLE_DEBUG_INFO = NO;
				MTL_FAST_MATH = YES;
				SDKROOT = iphoneos;
				SWIFT_COMPILATION_MODE = wholemodule;
				SWIFT_OPTIMIZATION_LEVEL = "-O";
				VALIDATE_PRODUCT = YES;
			};
			name = Release;
		};
		BE0E4306282302F5000F0666 /* Debug */ = {
			isa = XCBuildConfiguration;
			buildSettings = {
				ASSETCATALOG_COMPILER_APPICON_NAME = AppIcon;
				ASSETCATALOG_COMPILER_GLOBAL_ACCENT_COLOR_NAME = AccentColor;
				CODE_SIGN_STYLE = Automatic;
				DEVELOPMENT_TEAM = XW9T242VLK;
				INFOPLIST_FILE = Bankey/Info.plist;
				LD_RUNPATH_SEARCH_PATHS = (
					"$(inherited)",
					"@executable_path/Frameworks",
				);
				PRODUCT_BUNDLE_IDENTIFIER = com.hgunes.Bankey;
				PRODUCT_NAME = "$(TARGET_NAME)";
				SWIFT_VERSION = 5.0;
				TARGETED_DEVICE_FAMILY = "1,2";
			};
			name = Debug;
		};
		BE0E4307282302F5000F0666 /* Release */ = {
			isa = XCBuildConfiguration;
			buildSettings = {
				ASSETCATALOG_COMPILER_APPICON_NAME = AppIcon;
				ASSETCATALOG_COMPILER_GLOBAL_ACCENT_COLOR_NAME = AccentColor;
				CODE_SIGN_STYLE = Automatic;
				DEVELOPMENT_TEAM = XW9T242VLK;
				INFOPLIST_FILE = Bankey/Info.plist;
				LD_RUNPATH_SEARCH_PATHS = (
					"$(inherited)",
					"@executable_path/Frameworks",
				);
				PRODUCT_BUNDLE_IDENTIFIER = com.hgunes.Bankey;
				PRODUCT_NAME = "$(TARGET_NAME)";
				SWIFT_VERSION = 5.0;
				TARGETED_DEVICE_FAMILY = "1,2";
			};
			name = Release;
		};
		BE34745328438C9000A4A4C2 /* Debug */ = {
			isa = XCBuildConfiguration;
			buildSettings = {
				BUNDLE_LOADER = "$(TEST_HOST)";
				CLANG_CXX_LANGUAGE_STANDARD = "gnu++17";
				CLANG_ENABLE_MODULES = YES;
				CODE_SIGN_STYLE = Automatic;
				CURRENT_PROJECT_VERSION = 1;
				DEVELOPMENT_TEAM = XW9T242VLK;
				GENERATE_INFOPLIST_FILE = YES;
				IPHONEOS_DEPLOYMENT_TARGET = 15.4;
				LD_RUNPATH_SEARCH_PATHS = (
					"$(inherited)",
					"@executable_path/Frameworks",
					"@loader_path/Frameworks",
				);
				MARKETING_VERSION = 1.0;
				PRODUCT_BUNDLE_IDENTIFIER = com.hgunes.BankeyUnitTests;
				PRODUCT_NAME = "$(TARGET_NAME)";
				SWIFT_EMIT_LOC_STRINGS = NO;
				SWIFT_OPTIMIZATION_LEVEL = "-Onone";
				SWIFT_VERSION = 5.0;
				TARGETED_DEVICE_FAMILY = "1,2";
				TEST_HOST = "$(BUILT_PRODUCTS_DIR)/Bankey.app/Bankey";
			};
			name = Debug;
		};
		BE34745428438C9000A4A4C2 /* Release */ = {
			isa = XCBuildConfiguration;
			buildSettings = {
				BUNDLE_LOADER = "$(TEST_HOST)";
				CLANG_CXX_LANGUAGE_STANDARD = "gnu++17";
				CLANG_ENABLE_MODULES = YES;
				CODE_SIGN_STYLE = Automatic;
				CURRENT_PROJECT_VERSION = 1;
				DEVELOPMENT_TEAM = XW9T242VLK;
				GENERATE_INFOPLIST_FILE = YES;
				IPHONEOS_DEPLOYMENT_TARGET = 15.4;
				LD_RUNPATH_SEARCH_PATHS = (
					"$(inherited)",
					"@executable_path/Frameworks",
					"@loader_path/Frameworks",
				);
				MARKETING_VERSION = 1.0;
				PRODUCT_BUNDLE_IDENTIFIER = com.hgunes.BankeyUnitTests;
				PRODUCT_NAME = "$(TARGET_NAME)";
				SWIFT_EMIT_LOC_STRINGS = NO;
				SWIFT_VERSION = 5.0;
				TARGETED_DEVICE_FAMILY = "1,2";
				TEST_HOST = "$(BUILT_PRODUCTS_DIR)/Bankey.app/Bankey";
			};
			name = Release;
		};
/* End XCBuildConfiguration section */

/* Begin XCConfigurationList section */
		BE0E42EC282302F2000F0666 /* Build configuration list for PBXProject "Bankey" */ = {
			isa = XCConfigurationList;
			buildConfigurations = (
				BE0E4303282302F5000F0666 /* Debug */,
				BE0E4304282302F5000F0666 /* Release */,
			);
			defaultConfigurationIsVisible = 0;
			defaultConfigurationName = Release;
		};
		BE0E4305282302F5000F0666 /* Build configuration list for PBXNativeTarget "Bankey" */ = {
			isa = XCConfigurationList;
			buildConfigurations = (
				BE0E4306282302F5000F0666 /* Debug */,
				BE0E4307282302F5000F0666 /* Release */,
			);
			defaultConfigurationIsVisible = 0;
			defaultConfigurationName = Release;
		};
		BE34745228438C9000A4A4C2 /* Build configuration list for PBXNativeTarget "BankeyUnitTests" */ = {
			isa = XCConfigurationList;
			buildConfigurations = (
				BE34745328438C9000A4A4C2 /* Debug */,
				BE34745428438C9000A4A4C2 /* Release */,
			);
			defaultConfigurationIsVisible = 0;
			defaultConfigurationName = Release;
		};
/* End XCConfigurationList section */
	};
	rootObject = BE0E42E9282302F2000F0666 /* Project object */;
}
